# THIS IS AN AUTOGENERATED FILE. DO NOT EDIT THIS FILE DIRECTLY.
# yarn lockfile v1


"@easyserver-project/server@^1.0.34":
  version "1.0.34"
  resolved "https://npm.pkg.github.com/download/@easyserver-project/server/1.0.34/269152d6bcbae6664e5f5b5bf28a6490d4049986faf8ed61a134197da13b5a4a#049acab10e487246395f1eb2c53730332a822fbb"
  integrity sha512-hECuzR59rwJi9D4WzJUD/4oMTsVxcaFh3JgNkW5k7R5eNSuCbiJ91D2p4YjtRE1UBuSkasXlulvOWN2CI59p2Q==
  dependencies:
    moment "^2.29.1"

moment@^2.29.1:
  version "2.29.1"
  resolved "https://registry.yarnpkg.com/moment/-/moment-2.29.1.tgz#b2be769fa31940be9eeea6469c075e35006fa3d3"
  integrity sha512-kHmoybcPV8Sqy59DwNDY3Jefr64lK/by/da0ViFcuA4DH0vQg5Q6Ze5VimxkfQNSC+Mls/Kx53s7TjP1RhFEDQ==
